
Microsoft Visual Studio Solution File, Format Version 12.00
# Visual Studio 15
Project("{FAE04EC0-301F-11D3-BF4B-00C04F79EFBC}") = "GameAssemby", "GameAssemby.csproj", "{3B027FE1-1883-0C27-6100-7F2DD5B2AB70}"
EndProject
Project("{FAE04EC0-301F-11D3-BF4B-00C04F79EFBC}") = "Assembly-CSharp-Editor", "Assembly-CSharp-Editor.csproj", "{25300A0A-D657-467D-2C4A-8BF2C35B6F43}"
EndProject
Project("{FAE04EC0-301F-11D3-BF4B-00C04F79EFBC}") = "TestsEdit", "TestsEdit.csproj", "{A5AC822B-697F-CAAB-E93C-B0A883859114}"
EndProject
Global
	GlobalSection(SolutionConfigurationPlatforms) = preSolution
		Debug|Any CPU = Debug|Any CPU
		Release|Any CPU = Release|Any CPU
	EndGlobalSection
	GlobalSection(ProjectConfigurationPlatforms) = postSolution
		{3B027FE1-1883-0C27-6100-7F2DD5B2AB70}.Debug|Any CPU.ActiveCfg = Debug|Any CPU
		{3B027FE1-1883-0C27-6100-7F2DD5B2AB70}.Debug|Any CPU.Build.0 = Debug|Any CPU
		{3B027FE1-1883-0C27-6100-7F2DD5B2AB70}.Release|Any CPU.ActiveCfg = Release|Any CPU
		{3B027FE1-1883-0C27-6100-7F2DD5B2AB70}.Release|Any CPU.Build.0 = Release|Any CPU
		{25300A0A-D657-467D-2C4A-8BF2C35B6F43}.Debug|Any CPU.ActiveCfg = Debug|Any CPU
		{25300A0A-D657-467D-2C4A-8BF2C35B6F43}.Debug|Any CPU.Build.0 = Debug|Any CPU
		{25300A0A-D657-467D-2C4A-8BF2C35B6F43}.Release|Any CPU.ActiveCfg = Release|Any CPU
		{25300A0A-D657-467D-2C4A-8BF2C35B6F43}.Release|Any CPU.Build.0 = Release|Any CPU
		{A5AC822B-697F-CAAB-E93C-B0A883859114}.Debug|Any CPU.ActiveCfg = Debug|Any CPU
		{A5AC822B-697F-CAAB-E93C-B0A883859114}.Debug|Any CPU.Build.0 = Debug|Any CPU
		{A5AC822B-697F-CAAB-E93C-B0A883859114}.Release|Any CPU.ActiveCfg = Release|Any CPU
		{A5AC822B-697F-CAAB-E93C-B0A883859114}.Release|Any CPU.Build.0 = Release|Any CPU
	EndGlobalSection
	GlobalSection(SolutionProperties) = preSolution
		HideSolutionNode = FALSE
	EndGlobalSection
EndGlobal
