
Microsoft Visual Studio Solution File, Format Version 12.00
# Visual Studio Version 17
VisualStudioVersion = 17.4.33213.308
MinimumVisualStudioVersion = 10.0.40219.1
Project("{9A19103F-16F7-4668-BE54-9A1E7A4F7556}") = "Vertices", "Vertices\Vertices.csproj", "{AE5C96E0-1B1B-4746-9FFA-4FB05010DAD9}"
EndProject
Project("{9A19103F-16F7-4668-BE54-9A1E7A4F7556}") = "ThreeDShoot", "ThreeDShoot\ThreeDShoot.csproj", "{04E7F948-E677-4A72-A665-FA685C5ABC0E}"
EndProject
Project("{2150E333-8FDC-42A3-9474-1A3956D46DE8}") = "ThreeDee", "ThreeDee", "{B20ADEB9-AB0A-44DA-9D0B-349D67874A1A}"
EndProject
Project("{9A19103F-16F7-4668-BE54-9A1E7A4F7556}") = "MonoGameLibrary", "MonoGameLibrary\MonoGameLibrary.csproj", "{8DBF1E2F-514F-434C-8B24-A81BD616F192}"
EndProject
Project("{2150E333-8FDC-42A3-9474-1A3956D46DE8}") = "Console", "Console", "{6851A87C-063F-4FF5-9CE6-8431FE54965B}"
EndProject
Project("{2150E333-8FDC-42A3-9474-1A3956D46DE8}") = "Network", "Network", "{C0F74D63-0B8F-41DA-BD31-96A91F535979}"
EndProject
Project("{9A19103F-16F7-4668-BE54-9A1E7A4F7556}") = "MGPacManComponents", "MGPacManComponents\MGPacManComponents.csproj", "{49F81D08-A7F3-464E-B13C-23E73971E439}"
EndProject
Project("{9A19103F-16F7-4668-BE54-9A1E7A4F7556}") = "PacManComponentsSimple", "PacManComponentsSimple\PacManComponentsSimple.csproj", "{515642E4-9DDC-48CD-81C1-826837F70F30}"
EndProject
Project("{9A19103F-16F7-4668-BE54-9A1E7A4F7556}") = "ConsoleCommand", "ConsoleCommand\ConsoleCommand.csproj", "{F73B19F2-49B4-4D33-AE02-B224DDA3CB2E}"
EndProject
Project("{9A19103F-16F7-4668-BE54-9A1E7A4F7556}") = "MGAudioWCommandSingleton", "MGAudioWCommandSingleton\MGAudioWCommandSingleton.csproj", "{2B9C190C-B98B-4475-9C3B-C1D835757100}"
EndProject
Project("{9A19103F-16F7-4668-BE54-9A1E7A4F7556}") = "MGCommand", "MGCommand\MGCommand.csproj", "{CFB3D6EC-D1F1-4746-ABDA-F660ADC66E96}"
EndProject
Project("{9A19103F-16F7-4668-BE54-9A1E7A4F7556}") = "MGCommandContinuous", "MGCommandContinuous\MGCommandContinuous.csproj", "{BAEB4B1C-CAB2-4FD5-AC2F-0C22F4F4ECE8}"
EndProject
Project("{9A19103F-16F7-4668-BE54-9A1E7A4F7556}") = "SingletonFilesystem", "SingletonFilesystem\SingletonFilesystem.csproj", "{B295F5D5-7B8F-4650-B5F7-EB7251CE14F6}"
EndProject
Project("{9A19103F-16F7-4668-BE54-9A1E7A4F7556}") = "ConsoleApplicationSingleton", "ConsoleApplicationSingleton\ConsoleApplicationSingleton.csproj", "{D73E1584-4CDE-41CF-9602-40C3E1AD406D}"
EndProject
Project("{9A19103F-16F7-4668-BE54-9A1E7A4F7556}") = "ConsoleAppMathDecorator", "ConsoleAppMathDecorator\ConsoleAppMathDecorator.csproj", "{7882CEF0-33E0-469F-AE29-2BEB02AD8EC4}"
EndProject
Project("{9A19103F-16F7-4668-BE54-9A1E7A4F7556}") = "MGDecorator", "MGDecorator\MGDecorator.csproj", "{AFCCC177-7F6A-4545-B307-5339520F2200}"
EndProject
Project("{9A19103F-16F7-4668-BE54-9A1E7A4F7556}") = "ObjectPoolPartcles", "ObjectPoolPartcles\ObjectPoolPartcles.csproj", "{2E02B6E9-FE1C-4ED9-89EC-CAA249A6526D}"
EndProject
Project("{9A19103F-16F7-4668-BE54-9A1E7A4F7556}") = "ConsoleAppObjectPool", "ConsoleAppObjectPool\ConsoleAppObjectPool.csproj", "{47709848-48F3-4654-ACFE-62A0127430F9}"
EndProject
Global
	GlobalSection(SolutionConfigurationPlatforms) = preSolution
		Debug|Any CPU = Debug|Any CPU
		Release|Any CPU = Release|Any CPU
	EndGlobalSection
	GlobalSection(ProjectConfigurationPlatforms) = postSolution
		{AE5C96E0-1B1B-4746-9FFA-4FB05010DAD9}.Debug|Any CPU.ActiveCfg = Debug|Any CPU
		{AE5C96E0-1B1B-4746-9FFA-4FB05010DAD9}.Debug|Any CPU.Build.0 = Debug|Any CPU
		{AE5C96E0-1B1B-4746-9FFA-4FB05010DAD9}.Release|Any CPU.ActiveCfg = Release|Any CPU
		{AE5C96E0-1B1B-4746-9FFA-4FB05010DAD9}.Release|Any CPU.Build.0 = Release|Any CPU
		{04E7F948-E677-4A72-A665-FA685C5ABC0E}.Debug|Any CPU.ActiveCfg = Debug|Any CPU
		{04E7F948-E677-4A72-A665-FA685C5ABC0E}.Debug|Any CPU.Build.0 = Debug|Any CPU
		{04E7F948-E677-4A72-A665-FA685C5ABC0E}.Release|Any CPU.ActiveCfg = Release|Any CPU
		{04E7F948-E677-4A72-A665-FA685C5ABC0E}.Release|Any CPU.Build.0 = Release|Any CPU
		{8DBF1E2F-514F-434C-8B24-A81BD616F192}.Debug|Any CPU.ActiveCfg = Debug|Any CPU
		{8DBF1E2F-514F-434C-8B24-A81BD616F192}.Debug|Any CPU.Build.0 = Debug|Any CPU
		{8DBF1E2F-514F-434C-8B24-A81BD616F192}.Release|Any CPU.ActiveCfg = Release|Any CPU
		{8DBF1E2F-514F-434C-8B24-A81BD616F192}.Release|Any CPU.Build.0 = Release|Any CPU
		{49F81D08-A7F3-464E-B13C-23E73971E439}.Debug|Any CPU.ActiveCfg = Debug|Any CPU
		{49F81D08-A7F3-464E-B13C-23E73971E439}.Debug|Any CPU.Build.0 = Debug|Any CPU
		{49F81D08-A7F3-464E-B13C-23E73971E439}.Release|Any CPU.ActiveCfg = Release|Any CPU
		{49F81D08-A7F3-464E-B13C-23E73971E439}.Release|Any CPU.Build.0 = Release|Any CPU
		{515642E4-9DDC-48CD-81C1-826837F70F30}.Debug|Any CPU.ActiveCfg = Debug|Any CPU
		{515642E4-9DDC-48CD-81C1-826837F70F30}.Debug|Any CPU.Build.0 = Debug|Any CPU
		{515642E4-9DDC-48CD-81C1-826837F70F30}.Release|Any CPU.ActiveCfg = Release|Any CPU
		{515642E4-9DDC-48CD-81C1-826837F70F30}.Release|Any CPU.Build.0 = Release|Any CPU
		{F73B19F2-49B4-4D33-AE02-B224DDA3CB2E}.Debug|Any CPU.ActiveCfg = Debug|Any CPU
		{F73B19F2-49B4-4D33-AE02-B224DDA3CB2E}.Debug|Any CPU.Build.0 = Debug|Any CPU
		{F73B19F2-49B4-4D33-AE02-B224DDA3CB2E}.Release|Any CPU.ActiveCfg = Release|Any CPU
		{F73B19F2-49B4-4D33-AE02-B224DDA3CB2E}.Release|Any CPU.Build.0 = Release|Any CPU
		{2B9C190C-B98B-4475-9C3B-C1D835757100}.Debug|Any CPU.ActiveCfg = Debug|Any CPU
		{2B9C190C-B98B-4475-9C3B-C1D835757100}.Debug|Any CPU.Build.0 = Debug|Any CPU
		{2B9C190C-B98B-4475-9C3B-C1D835757100}.Release|Any CPU.ActiveCfg = Release|Any CPU
		{2B9C190C-B98B-4475-9C3B-C1D835757100}.Release|Any CPU.Build.0 = Release|Any CPU
		{CFB3D6EC-D1F1-4746-ABDA-F660ADC66E96}.Debug|Any CPU.ActiveCfg = Debug|Any CPU
		{CFB3D6EC-D1F1-4746-ABDA-F660ADC66E96}.Debug|Any CPU.Build.0 = Debug|Any CPU
		{CFB3D6EC-D1F1-4746-ABDA-F660ADC66E96}.Release|Any CPU.ActiveCfg = Release|Any CPU
		{CFB3D6EC-D1F1-4746-ABDA-F660ADC66E96}.Release|Any CPU.Build.0 = Release|Any CPU
		{BAEB4B1C-CAB2-4FD5-AC2F-0C22F4F4ECE8}.Debug|Any CPU.ActiveCfg = Debug|Any CPU
		{BAEB4B1C-CAB2-4FD5-AC2F-0C22F4F4ECE8}.Debug|Any CPU.Build.0 = Debug|Any CPU
		{BAEB4B1C-CAB2-4FD5-AC2F-0C22F4F4ECE8}.Release|Any CPU.ActiveCfg = Release|Any CPU
		{BAEB4B1C-CAB2-4FD5-AC2F-0C22F4F4ECE8}.Release|Any CPU.Build.0 = Release|Any CPU
		{B295F5D5-7B8F-4650-B5F7-EB7251CE14F6}.Debug|Any CPU.ActiveCfg = Debug|Any CPU
		{B295F5D5-7B8F-4650-B5F7-EB7251CE14F6}.Debug|Any CPU.Build.0 = Debug|Any CPU
		{B295F5D5-7B8F-4650-B5F7-EB7251CE14F6}.Release|Any CPU.ActiveCfg = Release|Any CPU
		{B295F5D5-7B8F-4650-B5F7-EB7251CE14F6}.Release|Any CPU.Build.0 = Release|Any CPU
		{D73E1584-4CDE-41CF-9602-40C3E1AD406D}.Debug|Any CPU.ActiveCfg = Debug|Any CPU
		{D73E1584-4CDE-41CF-9602-40C3E1AD406D}.Debug|Any CPU.Build.0 = Debug|Any CPU
		{D73E1584-4CDE-41CF-9602-40C3E1AD406D}.Release|Any CPU.ActiveCfg = Release|Any CPU
		{D73E1584-4CDE-41CF-9602-40C3E1AD406D}.Release|Any CPU.Build.0 = Release|Any CPU
		{7882CEF0-33E0-469F-AE29-2BEB02AD8EC4}.Debug|Any CPU.ActiveCfg = Debug|Any CPU
		{7882CEF0-33E0-469F-AE29-2BEB02AD8EC4}.Debug|Any CPU.Build.0 = Debug|Any CPU
		{7882CEF0-33E0-469F-AE29-2BEB02AD8EC4}.Release|Any CPU.ActiveCfg = Release|Any CPU
		{7882CEF0-33E0-469F-AE29-2BEB02AD8EC4}.Release|Any CPU.Build.0 = Release|Any CPU
		{AFCCC177-7F6A-4545-B307-5339520F2200}.Debug|Any CPU.ActiveCfg = Debug|Any CPU
		{AFCCC177-7F6A-4545-B307-5339520F2200}.Debug|Any CPU.Build.0 = Debug|Any CPU
		{AFCCC177-7F6A-4545-B307-5339520F2200}.Release|Any CPU.ActiveCfg = Release|Any CPU
		{AFCCC177-7F6A-4545-B307-5339520F2200}.Release|Any CPU.Build.0 = Release|Any CPU
		{2E02B6E9-FE1C-4ED9-89EC-CAA249A6526D}.Debug|Any CPU.ActiveCfg = Debug|Any CPU
		{2E02B6E9-FE1C-4ED9-89EC-CAA249A6526D}.Debug|Any CPU.Build.0 = Debug|Any CPU
		{2E02B6E9-FE1C-4ED9-89EC-CAA249A6526D}.Release|Any CPU.ActiveCfg = Release|Any CPU
		{2E02B6E9-FE1C-4ED9-89EC-CAA249A6526D}.Release|Any CPU.Build.0 = Release|Any CPU
		{47709848-48F3-4654-ACFE-62A0127430F9}.Debug|Any CPU.ActiveCfg = Debug|Any CPU
		{47709848-48F3-4654-ACFE-62A0127430F9}.Debug|Any CPU.Build.0 = Debug|Any CPU
		{47709848-48F3-4654-ACFE-62A0127430F9}.Release|Any CPU.ActiveCfg = Release|Any CPU
		{47709848-48F3-4654-ACFE-62A0127430F9}.Release|Any CPU.Build.0 = Release|Any CPU
	EndGlobalSection
	GlobalSection(SolutionProperties) = preSolution
		HideSolutionNode = FALSE
	EndGlobalSection
	GlobalSection(NestedProjects) = preSolution
		{AE5C96E0-1B1B-4746-9FFA-4FB05010DAD9} = {B20ADEB9-AB0A-44DA-9D0B-349D67874A1A}
		{04E7F948-E677-4A72-A665-FA685C5ABC0E} = {B20ADEB9-AB0A-44DA-9D0B-349D67874A1A}
		{C0F74D63-0B8F-41DA-BD31-96A91F535979} = {6851A87C-063F-4FF5-9CE6-8431FE54965B}
		{F73B19F2-49B4-4D33-AE02-B224DDA3CB2E} = {6851A87C-063F-4FF5-9CE6-8431FE54965B}
		{D73E1584-4CDE-41CF-9602-40C3E1AD406D} = {6851A87C-063F-4FF5-9CE6-8431FE54965B}
		{7882CEF0-33E0-469F-AE29-2BEB02AD8EC4} = {6851A87C-063F-4FF5-9CE6-8431FE54965B}
		{47709848-48F3-4654-ACFE-62A0127430F9} = {6851A87C-063F-4FF5-9CE6-8431FE54965B}
	EndGlobalSection
	GlobalSection(ExtensibilityGlobals) = postSolution
		SolutionGuid = {A3C0E3E8-F7C5-46A0-904A-E0D08B8BEE15}
	EndGlobalSection
EndGlobal
