
Microsoft Visual Studio Solution File, Format Version 12.00
# Visual Studio 15
VisualStudioVersion = 15.0.27130.2024
MinimumVisualStudioVersion = 10.0.40219.1
Project("{FAE04EC0-301F-11D3-BF4B-00C04F79EFBC}") = "GameProgramming2", "GameProgramming2\GameProgramming2.csproj", "{140FFEB1-8BDB-4E3F-AFF3-3F2A03227200}"
EndProject
Project("{FAE04EC0-301F-11D3-BF4B-00C04F79EFBC}") = "SingletonFilesystem", "SingletonFilesystem\SingletonFilesystem.csproj", "{E4600F45-4F37-4B03-B6E9-D6918E1602E6}"
EndProject
Project("{FAE04EC0-301F-11D3-BF4B-00C04F79EFBC}") = "MonoGameLibrary", "MonoGameLibrary\MonoGameLibrary.csproj", "{AAD7C5C6-AA67-45C6-8B7C-22906FA79E9E}"
EndProject
Project("{FAE04EC0-301F-11D3-BF4B-00C04F79EFBC}") = "MGCommand", "MGCommand\MGCommand.csproj", "{022BAB7E-986B-46FA-8C88-D3754A5CDFB1}"
EndProject
Project("{FAE04EC0-301F-11D3-BF4B-00C04F79EFBC}") = "MGPacManComponents", "MGPacManComponents\MGPacManComponents.csproj", "{6E3BBBC5-263F-4464-9B29-AAADD49D3BCB}"
EndProject
Project("{2150E333-8FDC-42A3-9474-1A3956D46DE8}") = "Console", "Console", "{806933E3-EBF9-4471-AB47-1C9459EB0144}"
EndProject
Project("{FAE04EC0-301F-11D3-BF4B-00C04F79EFBC}") = "ConsoleCommand", "ConsoleCommand\ConsoleCommand.csproj", "{970E5216-2B21-4CB0-9AC6-C874D34B48F2}"
EndProject
Project("{FAE04EC0-301F-11D3-BF4B-00C04F79EFBC}") = "ConsoleCommandWUndo", "ConsoleCommandWUndo\ConsoleCommandWUndo.csproj", "{81E9670A-E03F-4F63-ADEC-DF76B547097E}"
EndProject
Project("{FAE04EC0-301F-11D3-BF4B-00C04F79EFBC}") = "ConsoleApplicationObserver", "ConsoleApplicationObserver\ConsoleApplicationObserver.csproj", "{CD02E043-B1B5-47DB-B373-3A507477E848}"
EndProject
Project("{FAE04EC0-301F-11D3-BF4B-00C04F79EFBC}") = "ConsoleApplicationPacManObserver", "ConsoleApplicationPacManObserver\ConsoleApplicationPacManObserver.csproj", "{50ED1AF5-899D-4BB0-A64E-80A4C30D1CBC}"
EndProject
Project("{FAE04EC0-301F-11D3-BF4B-00C04F79EFBC}") = "ConsoleApplicationSingleton", "ConsoleApplicationSingleton\ConsoleApplicationSingleton.csproj", "{770A3FD2-FBAE-4D33-9C39-71083480315F}"
EndProject
Project("{FAE04EC0-301F-11D3-BF4B-00C04F79EFBC}") = "ConsoleApplicationStrategyWeapons", "ConsoleApplicationStrategyWeapons\ConsoleApplicationStrategyWeapons.csproj", "{7272E621-C7BE-41DE-9805-48D6736987F9}"
EndProject
Project("{FAE04EC0-301F-11D3-BF4B-00C04F79EFBC}") = "PacManWeaponsStrategy", "PacManWeaponsStrategy\PacManWeaponsStrategy.csproj", "{612C5ACC-D264-45EA-AB00-F5E2B5643055}"
EndProject
Project("{2150E333-8FDC-42A3-9474-1A3956D46DE8}") = "ThreeDee", "ThreeDee", "{14B24E05-9804-4916-A2EC-EF4333FBDE4F}"
EndProject
Project("{FAE04EC0-301F-11D3-BF4B-00C04F79EFBC}") = "Vertices", "Vertices\Vertices.csproj", "{84BC06A5-C01C-45D4-8561-452DBEFA85A7}"
EndProject
Project("{FAE04EC0-301F-11D3-BF4B-00C04F79EFBC}") = "MGObserver", "MGObserver\MGObserver.csproj", "{5A18E11C-FBBF-4752-90C2-4898DA689538}"
EndProject
Project("{FAE04EC0-301F-11D3-BF4B-00C04F79EFBC}") = "ObjectPoolPartcles", "ObjectPoolPartcles\ObjectPoolPartcles.csproj", "{78443864-B9D1-45A3-82BD-FD95A829DF3F}"
EndProject
Project("{FAE04EC0-301F-11D3-BF4B-00C04F79EFBC}") = "MGScreenStrategy", "MGScreenStrategy\MGScreenStrategy.csproj", "{C9C45F8D-4D75-43AB-987E-776B83652E72}"
EndProject
Project("{FAE04EC0-301F-11D3-BF4B-00C04F79EFBC}") = "MGAudioWCommandSingleton", "MGAudioWCommandSingleton\MGAudioWCommandSingleton.csproj", "{D4ED97CD-FB22-419A-9BC8-19B0103DD6BF}"
EndProject
Project("{FAE04EC0-301F-11D3-BF4B-00C04F79EFBC}") = "ConsoleServer", "ConsoleServer\ConsoleServer.csproj", "{060420E1-4038-4A67-A47D-3829C3631B09}"
EndProject
Project("{2150E333-8FDC-42A3-9474-1A3956D46DE8}") = "Network", "Network", "{702F4BDD-AC97-4F9C-9F08-F06C71550439}"
EndProject
Project("{FAE04EC0-301F-11D3-BF4B-00C04F79EFBC}") = "ConsoleServerClient", "ConsoleServerClient\ConsoleServerClient.csproj", "{ECFEC08F-E2CB-41F7-97BD-3BF99CD3DF5C}"
EndProject
Project("{FAE04EC0-301F-11D3-BF4B-00C04F79EFBC}") = "ThreeDShoot", "ThreeDShoot\ThreeDShoot.csproj", "{E56204A1-D351-48E3-AE8A-49A7DA10D1E2}"
EndProject
Project("{FAE04EC0-301F-11D3-BF4B-00C04F79EFBC}") = "MGCommandContinuous", "MGCommandContinuous\MGCommandContinuous.csproj", "{2AAC7B04-0C2F-4AC1-9456-7E76261589BC}"
EndProject
Project("{FAE04EC0-301F-11D3-BF4B-00C04F79EFBC}") = "MGDecorator", "MGDecorator\MGDecorator.csproj", "{8F9300A1-C0B4-4C9B-93A8-B4F91C5B89FF}"
EndProject
Project("{2150E333-8FDC-42A3-9474-1A3956D46DE8}") = "Exp", "Exp", "{ED1DE98B-EDC0-40BF-8EB2-587A5938DEF0}"
EndProject
Project("{FAE04EC0-301F-11D3-BF4B-00C04F79EFBC}") = "JSONOjbectMap", "JSONOjbectMap\JSONOjbectMap.csproj", "{02C78199-FA46-4093-864E-D357C7D7EC9D}"
EndProject
Project("{FAE04EC0-301F-11D3-BF4B-00C04F79EFBC}") = "ConsoleAppJSONandXML", "ConsoleAppJSONandXML\ConsoleAppJSONandXML.csproj", "{A81C9B85-8165-4710-84F8-B89DD5A7A9E8}"
EndProject
Project("{FAE04EC0-301F-11D3-BF4B-00C04F79EFBC}") = "MGTouch", "MGTouch\MGTouch.csproj", "{3127DC17-F251-4524-B000-B04A254E7D67}"
EndProject
Project("{FAE04EC0-301F-11D3-BF4B-00C04F79EFBC}") = "UnitTestProjectCommand", "UnitTestProjectCommand\UnitTestProjectCommand.csproj", "{C6418E87-146C-4809-A1CE-D6D4F07A9750}"
EndProject
Project("{FAE04EC0-301F-11D3-BF4B-00C04F79EFBC}") = "UnitTestCommandWUndo", "UnitTestCommandWUndo\UnitTestCommandWUndo.csproj", "{AAB83E1E-8F83-404C-99BF-F0992B8D24B5}"
EndProject
Global
	GlobalSection(SolutionConfigurationPlatforms) = preSolution
		Debug|Any CPU = Debug|Any CPU
		Debug|x86 = Debug|x86
		Release|Any CPU = Release|Any CPU
		Release|x86 = Release|x86
	EndGlobalSection
	GlobalSection(ProjectConfigurationPlatforms) = postSolution
		{140FFEB1-8BDB-4E3F-AFF3-3F2A03227200}.Debug|Any CPU.ActiveCfg = Debug|x86
		{140FFEB1-8BDB-4E3F-AFF3-3F2A03227200}.Debug|Any CPU.Build.0 = Debug|x86
		{140FFEB1-8BDB-4E3F-AFF3-3F2A03227200}.Debug|x86.ActiveCfg = Debug|x86
		{140FFEB1-8BDB-4E3F-AFF3-3F2A03227200}.Debug|x86.Build.0 = Debug|x86
		{140FFEB1-8BDB-4E3F-AFF3-3F2A03227200}.Release|Any CPU.ActiveCfg = Release|x86
		{140FFEB1-8BDB-4E3F-AFF3-3F2A03227200}.Release|x86.ActiveCfg = Release|x86
		{140FFEB1-8BDB-4E3F-AFF3-3F2A03227200}.Release|x86.Build.0 = Release|x86
		{E4600F45-4F37-4B03-B6E9-D6918E1602E6}.Debug|Any CPU.ActiveCfg = Debug|x86
		{E4600F45-4F37-4B03-B6E9-D6918E1602E6}.Debug|Any CPU.Build.0 = Debug|x86
		{E4600F45-4F37-4B03-B6E9-D6918E1602E6}.Debug|x86.ActiveCfg = Debug|x86
		{E4600F45-4F37-4B03-B6E9-D6918E1602E6}.Debug|x86.Build.0 = Debug|x86
		{E4600F45-4F37-4B03-B6E9-D6918E1602E6}.Release|Any CPU.ActiveCfg = Release|x86
		{E4600F45-4F37-4B03-B6E9-D6918E1602E6}.Release|x86.ActiveCfg = Release|x86
		{E4600F45-4F37-4B03-B6E9-D6918E1602E6}.Release|x86.Build.0 = Release|x86
		{AAD7C5C6-AA67-45C6-8B7C-22906FA79E9E}.Debug|Any CPU.ActiveCfg = Debug|x86
		{AAD7C5C6-AA67-45C6-8B7C-22906FA79E9E}.Debug|Any CPU.Build.0 = Debug|x86
		{AAD7C5C6-AA67-45C6-8B7C-22906FA79E9E}.Debug|x86.ActiveCfg = Debug|x86
		{AAD7C5C6-AA67-45C6-8B7C-22906FA79E9E}.Debug|x86.Build.0 = Debug|x86
		{AAD7C5C6-AA67-45C6-8B7C-22906FA79E9E}.Release|Any CPU.ActiveCfg = Release|x86
		{AAD7C5C6-AA67-45C6-8B7C-22906FA79E9E}.Release|x86.ActiveCfg = Release|x86
		{AAD7C5C6-AA67-45C6-8B7C-22906FA79E9E}.Release|x86.Build.0 = Release|x86
		{022BAB7E-986B-46FA-8C88-D3754A5CDFB1}.Debug|Any CPU.ActiveCfg = Debug|x86
		{022BAB7E-986B-46FA-8C88-D3754A5CDFB1}.Debug|Any CPU.Build.0 = Debug|x86
		{022BAB7E-986B-46FA-8C88-D3754A5CDFB1}.Debug|x86.ActiveCfg = Debug|x86
		{022BAB7E-986B-46FA-8C88-D3754A5CDFB1}.Debug|x86.Build.0 = Debug|x86
		{022BAB7E-986B-46FA-8C88-D3754A5CDFB1}.Release|Any CPU.ActiveCfg = Release|x86
		{022BAB7E-986B-46FA-8C88-D3754A5CDFB1}.Release|x86.ActiveCfg = Release|x86
		{022BAB7E-986B-46FA-8C88-D3754A5CDFB1}.Release|x86.Build.0 = Release|x86
		{6E3BBBC5-263F-4464-9B29-AAADD49D3BCB}.Debug|Any CPU.ActiveCfg = Debug|x86
		{6E3BBBC5-263F-4464-9B29-AAADD49D3BCB}.Debug|Any CPU.Build.0 = Debug|x86
		{6E3BBBC5-263F-4464-9B29-AAADD49D3BCB}.Debug|x86.ActiveCfg = Debug|x86
		{6E3BBBC5-263F-4464-9B29-AAADD49D3BCB}.Debug|x86.Build.0 = Debug|x86
		{6E3BBBC5-263F-4464-9B29-AAADD49D3BCB}.Release|Any CPU.ActiveCfg = Release|x86
		{6E3BBBC5-263F-4464-9B29-AAADD49D3BCB}.Release|x86.ActiveCfg = Release|x86
		{6E3BBBC5-263F-4464-9B29-AAADD49D3BCB}.Release|x86.Build.0 = Release|x86
		{970E5216-2B21-4CB0-9AC6-C874D34B48F2}.Debug|Any CPU.ActiveCfg = Debug|Any CPU
		{970E5216-2B21-4CB0-9AC6-C874D34B48F2}.Debug|Any CPU.Build.0 = Debug|Any CPU
		{970E5216-2B21-4CB0-9AC6-C874D34B48F2}.Debug|x86.ActiveCfg = Debug|Any CPU
		{970E5216-2B21-4CB0-9AC6-C874D34B48F2}.Debug|x86.Build.0 = Debug|Any CPU
		{970E5216-2B21-4CB0-9AC6-C874D34B48F2}.Release|Any CPU.ActiveCfg = Release|Any CPU
		{970E5216-2B21-4CB0-9AC6-C874D34B48F2}.Release|Any CPU.Build.0 = Release|Any CPU
		{970E5216-2B21-4CB0-9AC6-C874D34B48F2}.Release|x86.ActiveCfg = Release|Any CPU
		{970E5216-2B21-4CB0-9AC6-C874D34B48F2}.Release|x86.Build.0 = Release|Any CPU
		{81E9670A-E03F-4F63-ADEC-DF76B547097E}.Debug|Any CPU.ActiveCfg = Debug|Any CPU
		{81E9670A-E03F-4F63-ADEC-DF76B547097E}.Debug|Any CPU.Build.0 = Debug|Any CPU
		{81E9670A-E03F-4F63-ADEC-DF76B547097E}.Debug|x86.ActiveCfg = Debug|Any CPU
		{81E9670A-E03F-4F63-ADEC-DF76B547097E}.Debug|x86.Build.0 = Debug|Any CPU
		{81E9670A-E03F-4F63-ADEC-DF76B547097E}.Release|Any CPU.ActiveCfg = Release|Any CPU
		{81E9670A-E03F-4F63-ADEC-DF76B547097E}.Release|Any CPU.Build.0 = Release|Any CPU
		{81E9670A-E03F-4F63-ADEC-DF76B547097E}.Release|x86.ActiveCfg = Release|Any CPU
		{81E9670A-E03F-4F63-ADEC-DF76B547097E}.Release|x86.Build.0 = Release|Any CPU
		{CD02E043-B1B5-47DB-B373-3A507477E848}.Debug|Any CPU.ActiveCfg = Debug|Any CPU
		{CD02E043-B1B5-47DB-B373-3A507477E848}.Debug|Any CPU.Build.0 = Debug|Any CPU
		{CD02E043-B1B5-47DB-B373-3A507477E848}.Debug|x86.ActiveCfg = Debug|Any CPU
		{CD02E043-B1B5-47DB-B373-3A507477E848}.Debug|x86.Build.0 = Debug|Any CPU
		{CD02E043-B1B5-47DB-B373-3A507477E848}.Release|Any CPU.ActiveCfg = Release|Any CPU
		{CD02E043-B1B5-47DB-B373-3A507477E848}.Release|Any CPU.Build.0 = Release|Any CPU
		{CD02E043-B1B5-47DB-B373-3A507477E848}.Release|x86.ActiveCfg = Release|Any CPU
		{CD02E043-B1B5-47DB-B373-3A507477E848}.Release|x86.Build.0 = Release|Any CPU
		{50ED1AF5-899D-4BB0-A64E-80A4C30D1CBC}.Debug|Any CPU.ActiveCfg = Debug|Any CPU
		{50ED1AF5-899D-4BB0-A64E-80A4C30D1CBC}.Debug|Any CPU.Build.0 = Debug|Any CPU
		{50ED1AF5-899D-4BB0-A64E-80A4C30D1CBC}.Debug|x86.ActiveCfg = Debug|Any CPU
		{50ED1AF5-899D-4BB0-A64E-80A4C30D1CBC}.Debug|x86.Build.0 = Debug|Any CPU
		{50ED1AF5-899D-4BB0-A64E-80A4C30D1CBC}.Release|Any CPU.ActiveCfg = Release|Any CPU
		{50ED1AF5-899D-4BB0-A64E-80A4C30D1CBC}.Release|Any CPU.Build.0 = Release|Any CPU
		{50ED1AF5-899D-4BB0-A64E-80A4C30D1CBC}.Release|x86.ActiveCfg = Release|Any CPU
		{50ED1AF5-899D-4BB0-A64E-80A4C30D1CBC}.Release|x86.Build.0 = Release|Any CPU
		{770A3FD2-FBAE-4D33-9C39-71083480315F}.Debug|Any CPU.ActiveCfg = Debug|Any CPU
		{770A3FD2-FBAE-4D33-9C39-71083480315F}.Debug|Any CPU.Build.0 = Debug|Any CPU
		{770A3FD2-FBAE-4D33-9C39-71083480315F}.Debug|x86.ActiveCfg = Debug|Any CPU
		{770A3FD2-FBAE-4D33-9C39-71083480315F}.Debug|x86.Build.0 = Debug|Any CPU
		{770A3FD2-FBAE-4D33-9C39-71083480315F}.Release|Any CPU.ActiveCfg = Release|Any CPU
		{770A3FD2-FBAE-4D33-9C39-71083480315F}.Release|Any CPU.Build.0 = Release|Any CPU
		{770A3FD2-FBAE-4D33-9C39-71083480315F}.Release|x86.ActiveCfg = Release|Any CPU
		{770A3FD2-FBAE-4D33-9C39-71083480315F}.Release|x86.Build.0 = Release|Any CPU
		{7272E621-C7BE-41DE-9805-48D6736987F9}.Debug|Any CPU.ActiveCfg = Debug|Any CPU
		{7272E621-C7BE-41DE-9805-48D6736987F9}.Debug|Any CPU.Build.0 = Debug|Any CPU
		{7272E621-C7BE-41DE-9805-48D6736987F9}.Debug|x86.ActiveCfg = Debug|Any CPU
		{7272E621-C7BE-41DE-9805-48D6736987F9}.Debug|x86.Build.0 = Debug|Any CPU
		{7272E621-C7BE-41DE-9805-48D6736987F9}.Release|Any CPU.ActiveCfg = Release|Any CPU
		{7272E621-C7BE-41DE-9805-48D6736987F9}.Release|Any CPU.Build.0 = Release|Any CPU
		{7272E621-C7BE-41DE-9805-48D6736987F9}.Release|x86.ActiveCfg = Release|Any CPU
		{7272E621-C7BE-41DE-9805-48D6736987F9}.Release|x86.Build.0 = Release|Any CPU
		{612C5ACC-D264-45EA-AB00-F5E2B5643055}.Debug|Any CPU.ActiveCfg = Debug|x86
		{612C5ACC-D264-45EA-AB00-F5E2B5643055}.Debug|Any CPU.Build.0 = Debug|x86
		{612C5ACC-D264-45EA-AB00-F5E2B5643055}.Debug|x86.ActiveCfg = Debug|x86
		{612C5ACC-D264-45EA-AB00-F5E2B5643055}.Debug|x86.Build.0 = Debug|x86
		{612C5ACC-D264-45EA-AB00-F5E2B5643055}.Release|Any CPU.ActiveCfg = Release|x86
		{612C5ACC-D264-45EA-AB00-F5E2B5643055}.Release|x86.ActiveCfg = Release|x86
		{612C5ACC-D264-45EA-AB00-F5E2B5643055}.Release|x86.Build.0 = Release|x86
		{84BC06A5-C01C-45D4-8561-452DBEFA85A7}.Debug|Any CPU.ActiveCfg = Debug|x86
		{84BC06A5-C01C-45D4-8561-452DBEFA85A7}.Debug|Any CPU.Build.0 = Debug|x86
		{84BC06A5-C01C-45D4-8561-452DBEFA85A7}.Debug|x86.ActiveCfg = Debug|x86
		{84BC06A5-C01C-45D4-8561-452DBEFA85A7}.Debug|x86.Build.0 = Debug|x86
		{84BC06A5-C01C-45D4-8561-452DBEFA85A7}.Release|Any CPU.ActiveCfg = Release|x86
		{84BC06A5-C01C-45D4-8561-452DBEFA85A7}.Release|x86.ActiveCfg = Release|x86
		{84BC06A5-C01C-45D4-8561-452DBEFA85A7}.Release|x86.Build.0 = Release|x86
		{5A18E11C-FBBF-4752-90C2-4898DA689538}.Debug|Any CPU.ActiveCfg = Debug|x86
		{5A18E11C-FBBF-4752-90C2-4898DA689538}.Debug|Any CPU.Build.0 = Debug|x86
		{5A18E11C-FBBF-4752-90C2-4898DA689538}.Debug|x86.ActiveCfg = Debug|x86
		{5A18E11C-FBBF-4752-90C2-4898DA689538}.Debug|x86.Build.0 = Debug|x86
		{5A18E11C-FBBF-4752-90C2-4898DA689538}.Release|Any CPU.ActiveCfg = Release|x86
		{5A18E11C-FBBF-4752-90C2-4898DA689538}.Release|x86.ActiveCfg = Release|x86
		{5A18E11C-FBBF-4752-90C2-4898DA689538}.Release|x86.Build.0 = Release|x86
		{78443864-B9D1-45A3-82BD-FD95A829DF3F}.Debug|Any CPU.ActiveCfg = Debug|x86
		{78443864-B9D1-45A3-82BD-FD95A829DF3F}.Debug|Any CPU.Build.0 = Debug|x86
		{78443864-B9D1-45A3-82BD-FD95A829DF3F}.Debug|x86.ActiveCfg = Debug|x86
		{78443864-B9D1-45A3-82BD-FD95A829DF3F}.Debug|x86.Build.0 = Debug|x86
		{78443864-B9D1-45A3-82BD-FD95A829DF3F}.Release|Any CPU.ActiveCfg = Release|x86
		{78443864-B9D1-45A3-82BD-FD95A829DF3F}.Release|x86.ActiveCfg = Release|x86
		{78443864-B9D1-45A3-82BD-FD95A829DF3F}.Release|x86.Build.0 = Release|x86
		{C9C45F8D-4D75-43AB-987E-776B83652E72}.Debug|Any CPU.ActiveCfg = Debug|x86
		{C9C45F8D-4D75-43AB-987E-776B83652E72}.Debug|Any CPU.Build.0 = Debug|x86
		{C9C45F8D-4D75-43AB-987E-776B83652E72}.Debug|x86.ActiveCfg = Debug|x86
		{C9C45F8D-4D75-43AB-987E-776B83652E72}.Debug|x86.Build.0 = Debug|x86
		{C9C45F8D-4D75-43AB-987E-776B83652E72}.Release|Any CPU.ActiveCfg = Release|x86
		{C9C45F8D-4D75-43AB-987E-776B83652E72}.Release|x86.ActiveCfg = Release|x86
		{C9C45F8D-4D75-43AB-987E-776B83652E72}.Release|x86.Build.0 = Release|x86
		{D4ED97CD-FB22-419A-9BC8-19B0103DD6BF}.Debug|Any CPU.ActiveCfg = Debug|x86
		{D4ED97CD-FB22-419A-9BC8-19B0103DD6BF}.Debug|Any CPU.Build.0 = Debug|x86
		{D4ED97CD-FB22-419A-9BC8-19B0103DD6BF}.Debug|x86.ActiveCfg = Debug|x86
		{D4ED97CD-FB22-419A-9BC8-19B0103DD6BF}.Debug|x86.Build.0 = Debug|x86
		{D4ED97CD-FB22-419A-9BC8-19B0103DD6BF}.Release|Any CPU.ActiveCfg = Release|x86
		{D4ED97CD-FB22-419A-9BC8-19B0103DD6BF}.Release|x86.ActiveCfg = Release|x86
		{D4ED97CD-FB22-419A-9BC8-19B0103DD6BF}.Release|x86.Build.0 = Release|x86
		{060420E1-4038-4A67-A47D-3829C3631B09}.Debug|Any CPU.ActiveCfg = Debug|Any CPU
		{060420E1-4038-4A67-A47D-3829C3631B09}.Debug|Any CPU.Build.0 = Debug|Any CPU
		{060420E1-4038-4A67-A47D-3829C3631B09}.Debug|x86.ActiveCfg = Debug|Any CPU
		{060420E1-4038-4A67-A47D-3829C3631B09}.Debug|x86.Build.0 = Debug|Any CPU
		{060420E1-4038-4A67-A47D-3829C3631B09}.Release|Any CPU.ActiveCfg = Release|Any CPU
		{060420E1-4038-4A67-A47D-3829C3631B09}.Release|Any CPU.Build.0 = Release|Any CPU
		{060420E1-4038-4A67-A47D-3829C3631B09}.Release|x86.ActiveCfg = Release|Any CPU
		{060420E1-4038-4A67-A47D-3829C3631B09}.Release|x86.Build.0 = Release|Any CPU
		{ECFEC08F-E2CB-41F7-97BD-3BF99CD3DF5C}.Debug|Any CPU.ActiveCfg = Debug|Any CPU
		{ECFEC08F-E2CB-41F7-97BD-3BF99CD3DF5C}.Debug|Any CPU.Build.0 = Debug|Any CPU
		{ECFEC08F-E2CB-41F7-97BD-3BF99CD3DF5C}.Debug|x86.ActiveCfg = Debug|Any CPU
		{ECFEC08F-E2CB-41F7-97BD-3BF99CD3DF5C}.Debug|x86.Build.0 = Debug|Any CPU
		{ECFEC08F-E2CB-41F7-97BD-3BF99CD3DF5C}.Release|Any CPU.ActiveCfg = Release|Any CPU
		{ECFEC08F-E2CB-41F7-97BD-3BF99CD3DF5C}.Release|Any CPU.Build.0 = Release|Any CPU
		{ECFEC08F-E2CB-41F7-97BD-3BF99CD3DF5C}.Release|x86.ActiveCfg = Release|Any CPU
		{ECFEC08F-E2CB-41F7-97BD-3BF99CD3DF5C}.Release|x86.Build.0 = Release|Any CPU
		{E56204A1-D351-48E3-AE8A-49A7DA10D1E2}.Debug|Any CPU.ActiveCfg = Debug|x86
		{E56204A1-D351-48E3-AE8A-49A7DA10D1E2}.Debug|Any CPU.Build.0 = Debug|x86
		{E56204A1-D351-48E3-AE8A-49A7DA10D1E2}.Debug|x86.ActiveCfg = Debug|x86
		{E56204A1-D351-48E3-AE8A-49A7DA10D1E2}.Debug|x86.Build.0 = Debug|x86
		{E56204A1-D351-48E3-AE8A-49A7DA10D1E2}.Release|Any CPU.ActiveCfg = Release|x86
		{E56204A1-D351-48E3-AE8A-49A7DA10D1E2}.Release|x86.ActiveCfg = Release|x86
		{E56204A1-D351-48E3-AE8A-49A7DA10D1E2}.Release|x86.Build.0 = Release|x86
		{2AAC7B04-0C2F-4AC1-9456-7E76261589BC}.Debug|Any CPU.ActiveCfg = Debug|x86
		{2AAC7B04-0C2F-4AC1-9456-7E76261589BC}.Debug|Any CPU.Build.0 = Debug|x86
		{2AAC7B04-0C2F-4AC1-9456-7E76261589BC}.Debug|x86.ActiveCfg = Debug|x86
		{2AAC7B04-0C2F-4AC1-9456-7E76261589BC}.Debug|x86.Build.0 = Debug|x86
		{2AAC7B04-0C2F-4AC1-9456-7E76261589BC}.Release|Any CPU.ActiveCfg = Release|x86
		{2AAC7B04-0C2F-4AC1-9456-7E76261589BC}.Release|x86.ActiveCfg = Release|x86
		{2AAC7B04-0C2F-4AC1-9456-7E76261589BC}.Release|x86.Build.0 = Release|x86
		{8F9300A1-C0B4-4C9B-93A8-B4F91C5B89FF}.Debug|Any CPU.ActiveCfg = Debug|x86
		{8F9300A1-C0B4-4C9B-93A8-B4F91C5B89FF}.Debug|Any CPU.Build.0 = Debug|x86
		{8F9300A1-C0B4-4C9B-93A8-B4F91C5B89FF}.Debug|x86.ActiveCfg = Debug|x86
		{8F9300A1-C0B4-4C9B-93A8-B4F91C5B89FF}.Debug|x86.Build.0 = Debug|x86
		{8F9300A1-C0B4-4C9B-93A8-B4F91C5B89FF}.Release|Any CPU.ActiveCfg = Release|x86
		{8F9300A1-C0B4-4C9B-93A8-B4F91C5B89FF}.Release|x86.ActiveCfg = Release|x86
		{8F9300A1-C0B4-4C9B-93A8-B4F91C5B89FF}.Release|x86.Build.0 = Release|x86
		{02C78199-FA46-4093-864E-D357C7D7EC9D}.Debug|Any CPU.ActiveCfg = Debug|x86
		{02C78199-FA46-4093-864E-D357C7D7EC9D}.Debug|Any CPU.Build.0 = Debug|x86
		{02C78199-FA46-4093-864E-D357C7D7EC9D}.Debug|x86.ActiveCfg = Debug|x86
		{02C78199-FA46-4093-864E-D357C7D7EC9D}.Debug|x86.Build.0 = Debug|x86
		{02C78199-FA46-4093-864E-D357C7D7EC9D}.Release|Any CPU.ActiveCfg = Release|x86
		{02C78199-FA46-4093-864E-D357C7D7EC9D}.Release|x86.ActiveCfg = Release|x86
		{02C78199-FA46-4093-864E-D357C7D7EC9D}.Release|x86.Build.0 = Release|x86
		{A81C9B85-8165-4710-84F8-B89DD5A7A9E8}.Debug|Any CPU.ActiveCfg = Debug|Any CPU
		{A81C9B85-8165-4710-84F8-B89DD5A7A9E8}.Debug|Any CPU.Build.0 = Debug|Any CPU
		{A81C9B85-8165-4710-84F8-B89DD5A7A9E8}.Debug|x86.ActiveCfg = Debug|Any CPU
		{A81C9B85-8165-4710-84F8-B89DD5A7A9E8}.Debug|x86.Build.0 = Debug|Any CPU
		{A81C9B85-8165-4710-84F8-B89DD5A7A9E8}.Release|Any CPU.ActiveCfg = Release|Any CPU
		{A81C9B85-8165-4710-84F8-B89DD5A7A9E8}.Release|Any CPU.Build.0 = Release|Any CPU
		{A81C9B85-8165-4710-84F8-B89DD5A7A9E8}.Release|x86.ActiveCfg = Release|Any CPU
		{A81C9B85-8165-4710-84F8-B89DD5A7A9E8}.Release|x86.Build.0 = Release|Any CPU
		{3127DC17-F251-4524-B000-B04A254E7D67}.Debug|Any CPU.ActiveCfg = Debug|x86
		{3127DC17-F251-4524-B000-B04A254E7D67}.Debug|x86.ActiveCfg = Debug|x86
		{3127DC17-F251-4524-B000-B04A254E7D67}.Debug|x86.Build.0 = Debug|x86
		{3127DC17-F251-4524-B000-B04A254E7D67}.Release|Any CPU.ActiveCfg = Release|x86
		{3127DC17-F251-4524-B000-B04A254E7D67}.Release|x86.ActiveCfg = Release|x86
		{3127DC17-F251-4524-B000-B04A254E7D67}.Release|x86.Build.0 = Release|x86
		{C6418E87-146C-4809-A1CE-D6D4F07A9750}.Debug|Any CPU.ActiveCfg = Debug|Any CPU
		{C6418E87-146C-4809-A1CE-D6D4F07A9750}.Debug|Any CPU.Build.0 = Debug|Any CPU
		{C6418E87-146C-4809-A1CE-D6D4F07A9750}.Debug|x86.ActiveCfg = Debug|Any CPU
		{C6418E87-146C-4809-A1CE-D6D4F07A9750}.Debug|x86.Build.0 = Debug|Any CPU
		{C6418E87-146C-4809-A1CE-D6D4F07A9750}.Release|Any CPU.ActiveCfg = Release|Any CPU
		{C6418E87-146C-4809-A1CE-D6D4F07A9750}.Release|Any CPU.Build.0 = Release|Any CPU
		{C6418E87-146C-4809-A1CE-D6D4F07A9750}.Release|x86.ActiveCfg = Release|Any CPU
		{C6418E87-146C-4809-A1CE-D6D4F07A9750}.Release|x86.Build.0 = Release|Any CPU
		{AAB83E1E-8F83-404C-99BF-F0992B8D24B5}.Debug|Any CPU.ActiveCfg = Debug|Any CPU
		{AAB83E1E-8F83-404C-99BF-F0992B8D24B5}.Debug|Any CPU.Build.0 = Debug|Any CPU
		{AAB83E1E-8F83-404C-99BF-F0992B8D24B5}.Debug|x86.ActiveCfg = Debug|Any CPU
		{AAB83E1E-8F83-404C-99BF-F0992B8D24B5}.Debug|x86.Build.0 = Debug|Any CPU
		{AAB83E1E-8F83-404C-99BF-F0992B8D24B5}.Release|Any CPU.ActiveCfg = Release|Any CPU
		{AAB83E1E-8F83-404C-99BF-F0992B8D24B5}.Release|Any CPU.Build.0 = Release|Any CPU
		{AAB83E1E-8F83-404C-99BF-F0992B8D24B5}.Release|x86.ActiveCfg = Release|Any CPU
		{AAB83E1E-8F83-404C-99BF-F0992B8D24B5}.Release|x86.Build.0 = Release|Any CPU
	EndGlobalSection
	GlobalSection(SolutionProperties) = preSolution
		HideSolutionNode = FALSE
	EndGlobalSection
	GlobalSection(NestedProjects) = preSolution
		{970E5216-2B21-4CB0-9AC6-C874D34B48F2} = {806933E3-EBF9-4471-AB47-1C9459EB0144}
		{81E9670A-E03F-4F63-ADEC-DF76B547097E} = {806933E3-EBF9-4471-AB47-1C9459EB0144}
		{CD02E043-B1B5-47DB-B373-3A507477E848} = {806933E3-EBF9-4471-AB47-1C9459EB0144}
		{50ED1AF5-899D-4BB0-A64E-80A4C30D1CBC} = {806933E3-EBF9-4471-AB47-1C9459EB0144}
		{770A3FD2-FBAE-4D33-9C39-71083480315F} = {806933E3-EBF9-4471-AB47-1C9459EB0144}
		{7272E621-C7BE-41DE-9805-48D6736987F9} = {806933E3-EBF9-4471-AB47-1C9459EB0144}
		{84BC06A5-C01C-45D4-8561-452DBEFA85A7} = {14B24E05-9804-4916-A2EC-EF4333FBDE4F}
		{060420E1-4038-4A67-A47D-3829C3631B09} = {702F4BDD-AC97-4F9C-9F08-F06C71550439}
		{702F4BDD-AC97-4F9C-9F08-F06C71550439} = {806933E3-EBF9-4471-AB47-1C9459EB0144}
		{ECFEC08F-E2CB-41F7-97BD-3BF99CD3DF5C} = {702F4BDD-AC97-4F9C-9F08-F06C71550439}
		{E56204A1-D351-48E3-AE8A-49A7DA10D1E2} = {14B24E05-9804-4916-A2EC-EF4333FBDE4F}
		{A81C9B85-8165-4710-84F8-B89DD5A7A9E8} = {806933E3-EBF9-4471-AB47-1C9459EB0144}
		{C6418E87-146C-4809-A1CE-D6D4F07A9750} = {806933E3-EBF9-4471-AB47-1C9459EB0144}
		{AAB83E1E-8F83-404C-99BF-F0992B8D24B5} = {806933E3-EBF9-4471-AB47-1C9459EB0144}
	EndGlobalSection
	GlobalSection(ExtensibilityGlobals) = postSolution
		SolutionGuid = {0E1369E1-C964-4E34-8090-CB1E1487A1F0}
	EndGlobalSection
EndGlobal
