
Microsoft Visual Studio Solution File, Format Version 12.00
# Visual Studio 2015
Project("{FAE04EC0-301F-11D3-BF4B-00C04F79EFBC}") = "ObjectPoolChanllenge.CSharp", "ObjectPoolChanllenge.CSharp.csproj", "{9AA6D06A-B902-EF6A-D6B3-73670254C029}"
EndProject
Project("{FAE04EC0-301F-11D3-BF4B-00C04F79EFBC}") = "ObjectPoolChanllenge.CSharp.Editor", "ObjectPoolChanllenge.CSharp.Editor.csproj", "{4F80E40A-7D7E-BAD2-B700-92FEBC33DF0A}"
EndProject
Global
	GlobalSection(SolutionConfigurationPlatforms) = preSolution
		Debug|Any CPU = Debug|Any CPU
		Release|Any CPU = Release|Any CPU
	EndGlobalSection
	GlobalSection(ProjectConfigurationPlatforms) = postSolution
		{9AA6D06A-B902-EF6A-D6B3-73670254C029}.Debug|Any CPU.ActiveCfg = Debug|Any CPU
		{9AA6D06A-B902-EF6A-D6B3-73670254C029}.Debug|Any CPU.Build.0 = Debug|Any CPU
		{9AA6D06A-B902-EF6A-D6B3-73670254C029}.Release|Any CPU.ActiveCfg = Release|Any CPU
		{9AA6D06A-B902-EF6A-D6B3-73670254C029}.Release|Any CPU.Build.0 = Release|Any CPU
		{4F80E40A-7D7E-BAD2-B700-92FEBC33DF0A}.Debug|Any CPU.ActiveCfg = Debug|Any CPU
		{4F80E40A-7D7E-BAD2-B700-92FEBC33DF0A}.Debug|Any CPU.Build.0 = Debug|Any CPU
		{4F80E40A-7D7E-BAD2-B700-92FEBC33DF0A}.Release|Any CPU.ActiveCfg = Release|Any CPU
		{4F80E40A-7D7E-BAD2-B700-92FEBC33DF0A}.Release|Any CPU.Build.0 = Release|Any CPU
	EndGlobalSection
	GlobalSection(SolutionProperties) = preSolution
		HideSolutionNode = FALSE
	EndGlobalSection
EndGlobal
